{
	"name": "@polyratings/shared",
	"version": "1.0.0",
	"lockfileVersion": 2,
	"requires": true,
	"packages": {
		"": {
			"name": "@polyratings/shared",
			"version": "1.0.0",
			"license": "ISC",
			"devDependencies": {
				"typescript": "^4.4.4"
			},
			"peerDependencies": {
				"class-transformer": "^0.5.1",
				"class-validator": "^0.13.2"
			}
		},
		"node_modules/class-transformer": {
			"version": "0.5.1",
			"resolved": "https://registry.npmjs.org/class-transformer/-/class-transformer-0.5.1.tgz",
			"integrity": "sha512-SQa1Ws6hUbfC98vKGxZH3KFY0Y1lm5Zm0SY8XX9zbK7FJCyVEac3ATW0RIpwzW+oOfmHE5PMPufDG9hCfoEOMw==",
			"peer": true
		},
		"node_modules/class-validator": {
			"version": "0.13.2",
			"resolved": "https://registry.npmjs.org/class-validator/-/class-validator-0.13.2.tgz",
			"integrity": "sha512-yBUcQy07FPlGzUjoLuUfIOXzgynnQPPruyK1Ge2B74k9ROwnle1E+NxLWnUv5OLU8hA/qL5leAE9XnXq3byaBw==",
			"peer": true,
			"dependencies": {
				"libphonenumber-js": "^1.9.43",
				"validator": "^13.7.0"
			}
		},
		"node_modules/libphonenumber-js": {
			"version": "1.9.48",
			"resolved": "https://registry.npmjs.org/libphonenumber-js/-/libphonenumber-js-1.9.48.tgz",
			"integrity": "sha512-2aiDGkr5Ty7LZRhKhnMeV9tfRbzd2zahgF12I0v11AFwEelSdiu5t8/Npf3UejKcuoO4anqTdjnIW3dEtj1xYQ==",
			"peer": true
		},
		"node_modules/typescript": {
			"version": "4.5.5",
			"resolved": "https://registry.npmjs.org/typescript/-/typescript-4.5.5.tgz",
			"integrity": "sha512-TCTIul70LyWe6IJWT8QSYeA54WQe8EjQFU4wY52Fasj5UKx88LNYKCgBEHcOMOrFF1rKGbD8v/xcNWVUq9SymA==",
			"dev": true,
			"bin": {
				"tsc": "bin/tsc",
				"tsserver": "bin/tsserver"
			},
			"engines": {
				"node": ">=4.2.0"
			}
		},
		"node_modules/validator": {
			"version": "13.7.0",
			"resolved": "https://registry.npmjs.org/validator/-/validator-13.7.0.tgz",
			"integrity": "sha512-nYXQLCBkpJ8X6ltALua9dRrZDHVYxjJ1wgskNt1lH9fzGjs3tgojGSCBjmEPwkWS1y29+DrizMTW19Pr9uB2nw==",
			"peer": true,
			"engines": {
				"node": ">= 0.10"
			}
		}
	},
	"dependencies": {
		"class-transformer": {
			"version": "0.5.1",
			"resolved": "https://registry.npmjs.org/class-transformer/-/class-transformer-0.5.1.tgz",
			"integrity": "sha512-SQa1Ws6hUbfC98vKGxZH3KFY0Y1lm5Zm0SY8XX9zbK7FJCyVEac3ATW0RIpwzW+oOfmHE5PMPufDG9hCfoEOMw==",
			"peer": true
		},
		"class-validator": {
			"version": "0.13.2",
			"resolved": "https://registry.npmjs.org/class-validator/-/class-validator-0.13.2.tgz",
			"integrity": "sha512-yBUcQy07FPlGzUjoLuUfIOXzgynnQPPruyK1Ge2B74k9ROwnle1E+NxLWnUv5OLU8hA/qL5leAE9XnXq3byaBw==",
			"peer": true,
			"requires": {
				"libphonenumber-js": "^1.9.43",
				"validator": "^13.7.0"
			}
		},
		"libphonenumber-js": {
			"version": "1.9.48",
			"resolved": "https://registry.npmjs.org/libphonenumber-js/-/libphonenumber-js-1.9.48.tgz",
			"integrity": "sha512-2aiDGkr5Ty7LZRhKhnMeV9tfRbzd2zahgF12I0v11AFwEelSdiu5t8/Npf3UejKcuoO4anqTdjnIW3dEtj1xYQ==",
			"peer": true
		},
		"typescript": {
			"version": "4.5.5",
			"resolved": "https://registry.npmjs.org/typescript/-/typescript-4.5.5.tgz",
			"integrity": "sha512-TCTIul70LyWe6IJWT8QSYeA54WQe8EjQFU4wY52Fasj5UKx88LNYKCgBEHcOMOrFF1rKGbD8v/xcNWVUq9SymA==",
			"dev": true
		},
		"validator": {
			"version": "13.7.0",
			"resolved": "https://registry.npmjs.org/validator/-/validator-13.7.0.tgz",
			"integrity": "sha512-nYXQLCBkpJ8X6ltALua9dRrZDHVYxjJ1wgskNt1lH9fzGjs3tgojGSCBjmEPwkWS1y29+DrizMTW19Pr9uB2nw==",
			"peer": true
		}
	}
}
