{
	"name": "@polyratings/shared",
	"version": "1.0.0",
	"lockfileVersion": 2,
	"requires": true,
	"packages": {
		"": {
			"name": "@polyratings/shared",
			"version": "1.0.0",
			"license": "ISC",
			"dependencies": {
				"class-transformer": "^0.5.1",
				"class-validator": "^0.13.2"
			},
			"devDependencies": {
				"typescript": "^4.4.4"
			}
		},
		"node_modules/class-transformer": {
			"version": "0.5.1",
			"resolved": "https://registry.npmjs.org/class-transformer/-/class-transformer-0.5.1.tgz",
			"integrity": "sha512-SQa1Ws6hUbfC98vKGxZH3KFY0Y1lm5Zm0SY8XX9zbK7FJCyVEac3ATW0RIpwzW+oOfmHE5PMPufDG9hCfoEOMw=="
		},
		"node_modules/class-validator": {
			"version": "0.13.2",
			"resolved": "https://registry.npmjs.org/class-validator/-/class-validator-0.13.2.tgz",
			"integrity": "sha512-yBUcQy07FPlGzUjoLuUfIOXzgynnQPPruyK1Ge2B74k9ROwnle1E+NxLWnUv5OLU8hA/qL5leAE9XnXq3byaBw==",
			"dependencies": {
				"libphonenumber-js": "^1.9.43",
				"validator": "^13.7.0"
			}
		},
		"node_modules/libphonenumber-js": {
			"version": "1.9.44",
			"resolved": "https://registry.npmjs.org/libphonenumber-js/-/libphonenumber-js-1.9.44.tgz",
			"integrity": "sha512-zhw8nUMJuQf7jG1dZfEOKKOS6M3QYIv3HnvB/vGohNd0QfxIQcObH3a6Y6s350H+9xgBeOXClOJkS0hJ0yvS3g=="
		},
		"node_modules/typescript": {
			"version": "4.4.4",
			"resolved": "https://registry.npmjs.org/typescript/-/typescript-4.4.4.tgz",
			"integrity": "sha512-DqGhF5IKoBl8WNf8C1gu8q0xZSInh9j1kJJMqT3a94w1JzVaBU4EXOSMrz9yDqMT0xt3selp83fuFMQ0uzv6qA==",
			"dev": true,
			"bin": {
				"tsc": "bin/tsc",
				"tsserver": "bin/tsserver"
			},
			"engines": {
				"node": ">=4.2.0"
			}
		},
		"node_modules/validator": {
			"version": "13.7.0",
			"resolved": "https://registry.npmjs.org/validator/-/validator-13.7.0.tgz",
			"integrity": "sha512-nYXQLCBkpJ8X6ltALua9dRrZDHVYxjJ1wgskNt1lH9fzGjs3tgojGSCBjmEPwkWS1y29+DrizMTW19Pr9uB2nw==",
			"engines": {
				"node": ">= 0.10"
			}
		}
	},
	"dependencies": {
		"class-transformer": {
			"version": "0.5.1",
			"resolved": "https://registry.npmjs.org/class-transformer/-/class-transformer-0.5.1.tgz",
			"integrity": "sha512-SQa1Ws6hUbfC98vKGxZH3KFY0Y1lm5Zm0SY8XX9zbK7FJCyVEac3ATW0RIpwzW+oOfmHE5PMPufDG9hCfoEOMw=="
		},
		"class-validator": {
			"version": "0.13.2",
			"resolved": "https://registry.npmjs.org/class-validator/-/class-validator-0.13.2.tgz",
			"integrity": "sha512-yBUcQy07FPlGzUjoLuUfIOXzgynnQPPruyK1Ge2B74k9ROwnle1E+NxLWnUv5OLU8hA/qL5leAE9XnXq3byaBw==",
			"requires": {
				"libphonenumber-js": "^1.9.43",
				"validator": "^13.7.0"
			}
		},
		"libphonenumber-js": {
			"version": "1.9.44",
			"resolved": "https://registry.npmjs.org/libphonenumber-js/-/libphonenumber-js-1.9.44.tgz",
			"integrity": "sha512-zhw8nUMJuQf7jG1dZfEOKKOS6M3QYIv3HnvB/vGohNd0QfxIQcObH3a6Y6s350H+9xgBeOXClOJkS0hJ0yvS3g=="
		},
		"typescript": {
			"version": "4.4.4",
			"resolved": "https://registry.npmjs.org/typescript/-/typescript-4.4.4.tgz",
			"integrity": "sha512-DqGhF5IKoBl8WNf8C1gu8q0xZSInh9j1kJJMqT3a94w1JzVaBU4EXOSMrz9yDqMT0xt3selp83fuFMQ0uzv6qA==",
			"dev": true
		},
		"validator": {
			"version": "13.7.0",
			"resolved": "https://registry.npmjs.org/validator/-/validator-13.7.0.tgz",
			"integrity": "sha512-nYXQLCBkpJ8X6ltALua9dRrZDHVYxjJ1wgskNt1lH9fzGjs3tgojGSCBjmEPwkWS1y29+DrizMTW19Pr9uB2nw=="
		}
	}
}
