{
	"name": "@polyratings/frontend",
	"version": "0.0.1",
	"lockfileVersion": 2,
	"requires": true,
	"packages": {
		"": {
			"name": "@polyratings/frontend",
			"version": "0.0.1",
			"devDependencies": {
				"@cloudflare/workers-types": "^3.14.1"
			}
		},
		"../shared": {
			"name": "@polyratings/shared",
			"version": "1.0.0",
			"extraneous": true,
			"license": "ISC",
			"devDependencies": {
				"typescript": "^4.4.4"
			}
		},
		"node_modules/@cloudflare/workers-types": {
			"version": "3.14.1",
			"resolved": "https://registry.npmjs.org/@cloudflare/workers-types/-/workers-types-3.14.1.tgz",
			"integrity": "sha512-B1/plF62pt+H2IJHvApK8fdOJAVsvojvacuac8x8s+JIyqbropMyqNqHTKLm3YD8ZFLGwYeFTudU+PQ7vGvBdA==",
			"dev": true
		}
	},
	"dependencies": {
		"@cloudflare/workers-types": {
			"version": "3.14.1",
			"resolved": "https://registry.npmjs.org/@cloudflare/workers-types/-/workers-types-3.14.1.tgz",
			"integrity": "sha512-B1/plF62pt+H2IJHvApK8fdOJAVsvojvacuac8x8s+JIyqbropMyqNqHTKLm3YD8ZFLGwYeFTudU+PQ7vGvBdA==",
			"dev": true
		}
	}
}
