{
	"name": "@polyratings/frontend",
	"version": "0.0.1",
	"lockfileVersion": 2,
	"requires": true,
	"packages": {
		"": {
			"name": "@polyratings/frontend",
			"version": "0.0.1",
			"devDependencies": {
				"typescript": "^4.3.2"
			}
		},
		"../shared": {
			"name": "@polyratings/shared",
			"version": "1.0.0",
			"extraneous": true,
			"license": "ISC",
			"devDependencies": {
				"typescript": "^4.4.4"
			}
		},
		"node_modules/typescript": {
			"version": "4.4.3",
			"dev": true,
			"license": "Apache-2.0",
			"bin": {
				"tsc": "bin/tsc",
				"tsserver": "bin/tsserver"
			},
			"engines": {
				"node": ">=4.2.0"
			}
		}
	},
	"dependencies": {
		"typescript": {
			"version": "4.4.3",
			"dev": true
		}
	}
}
